
Microsoft Visual Studio Solution File, Format Version 12.00
# Visual Studio Version 17
VisualStudioVersion = 17.0.31903.59
MinimumVisualStudioVersion = 10.0.40219.1
Project("{2150E333-8FDC-42A3-9474-1A3956D46DE8}") = "src", "src", "{827E0CD3-B72D-47B6-A68D-7590B98EB39B}"
EndProject
Project("{2150E333-8FDC-42A3-9474-1A3956D46DE8}") = "docs", "docs", "{02EA681E-C7D8-13C7-8484-4AC65E1B71E8}"
EndProject
Project("{2150E333-8FDC-42A3-9474-1A3956D46DE8}") = "Solution Items", "Solution Items", "{8EC462FD-D22E-90A8-E5CE-7E832BA40C5D}"
	ProjectSection(SolutionItems) = preProject
		.gitignore = .gitignore
		docker-compose.yml = docker-compose.yml
		README.md = README.md
	EndProjectSection
EndProject
Project("{FAE04EC0-301F-11D3-BF4B-00C04F79EFBC}") = "Fleet.Api", "src\Fleet.Api\Fleet.Api.csproj", "{5529EE8B-3829-C27A-4D41-B4AF5ED70233}"
EndProject
Project("{FAE04EC0-301F-11D3-BF4B-00C04F79EFBC}") = "Fleet.Worker", "src\Fleet.Worker\Fleet.Worker.csproj", "{E9E7F737-5F4E-DFB3-796F-0C53CB7C702D}"
EndProject
Project("{2150E333-8FDC-42A3-9474-1A3956D46DE8}") = "tests", "tests", "{9E3B97B1-2530-4607-8E4C-655B1D01B510}"
EndProject
Project("{FAE04EC0-301F-11D3-BF4B-00C04F79EFBC}") = "Fleet.Api.UnitTests", "Fleet.Api.UnitTests\Fleet.Api.UnitTests.csproj", "{3BCAD324-4560-455F-90AA-E5170D7833DE}"
EndProject
Project("{FAE04EC0-301F-11D3-BF4B-00C04F79EFBC}") = "Fleet.Api.IntegrationTests", "Fleet.Api.IntegrationTests\Fleet.Api.IntegrationTests.csproj", "{1CE30294-5117-4270-A248-09D767F0BC6C}"
EndProject
Project("{FAE04EC0-301F-11D3-BF4B-00C04F79EFBC}") = "Fleet.Application", "Fleet.Application\Fleet.Application.csproj", "{7C2CEBF3-626F-4C33-9755-A5E26C784BAF}"
EndProject
Project("{FAE04EC0-301F-11D3-BF4B-00C04F79EFBC}") = "Fleet.Domain", "Fleet.Domain\Fleet.Domain.csproj", "{1884387D-1815-49BC-969D-8A711A07F21F}"
EndProject
Project("{FAE04EC0-301F-11D3-BF4B-00C04F79EFBC}") = "Fleet.Infra.Database", "Fleet.Infra.Database\Fleet.Infra.Database.csproj", "{35FCAE23-BC39-4B5E-9505-07E762297D50}"
EndProject
Project("{FAE04EC0-301F-11D3-BF4B-00C04F79EFBC}") = "Fleet.Infra.FileStorage", "Fleet.Infra.FileStorage\Fleet.Infra.FileStorage.csproj", "{60EDCCDD-22E5-4964-B72A-EF5EB856BBA7}"
EndProject
Project("{FAE04EC0-301F-11D3-BF4B-00C04F79EFBC}") = "Fleet.Infra.Messaging", "Fleet.Infra.Messaging\Fleet.Infra.Messaging.csproj", "{45347907-0FA4-4132-AFB8-73F73461531F}"
EndProject
Project("{FAE04EC0-301F-11D3-BF4B-00C04F79EFBC}") = "Fleet.Infra.Grpc.Contracts", "Fleet.Infra.Grpc.Contracts\Fleet.Infra.Grpc.Contracts.csproj", "{6F5C32F0-0459-40B4-8F68-0B11E225595F}"
EndProject
Project("{FAE04EC0-301F-11D3-BF4B-00C04F79EFBC}") = "Fleet.Infra.Grpc.Service", "Fleet.Infra.Grpc.Service\Fleet.Infra.Grpc.Service.csproj", "{24345CB2-AD32-453A-B05E-F48B203F1117}"
EndProject
Global
	GlobalSection(SolutionConfigurationPlatforms) = preSolution
		Debug|Any CPU = Debug|Any CPU
		Debug|x64 = Debug|x64
		Debug|x86 = Debug|x86
		Release|Any CPU = Release|Any CPU
		Release|x64 = Release|x64
		Release|x86 = Release|x86
	EndGlobalSection
	GlobalSection(ProjectConfigurationPlatforms) = postSolution
		{5529EE8B-3829-C27A-4D41-B4AF5ED70233}.Debug|Any CPU.ActiveCfg = Debug|Any CPU
		{5529EE8B-3829-C27A-4D41-B4AF5ED70233}.Debug|Any CPU.Build.0 = Debug|Any CPU
		{5529EE8B-3829-C27A-4D41-B4AF5ED70233}.Debug|x64.ActiveCfg = Debug|Any CPU
		{5529EE8B-3829-C27A-4D41-B4AF5ED70233}.Debug|x64.Build.0 = Debug|Any CPU
		{5529EE8B-3829-C27A-4D41-B4AF5ED70233}.Debug|x86.ActiveCfg = Debug|Any CPU
		{5529EE8B-3829-C27A-4D41-B4AF5ED70233}.Debug|x86.Build.0 = Debug|Any CPU
		{5529EE8B-3829-C27A-4D41-B4AF5ED70233}.Release|Any CPU.ActiveCfg = Release|Any CPU
		{5529EE8B-3829-C27A-4D41-B4AF5ED70233}.Release|Any CPU.Build.0 = Release|Any CPU
		{5529EE8B-3829-C27A-4D41-B4AF5ED70233}.Release|x64.ActiveCfg = Release|Any CPU
		{5529EE8B-3829-C27A-4D41-B4AF5ED70233}.Release|x64.Build.0 = Release|Any CPU
		{5529EE8B-3829-C27A-4D41-B4AF5ED70233}.Release|x86.ActiveCfg = Release|Any CPU
		{5529EE8B-3829-C27A-4D41-B4AF5ED70233}.Release|x86.Build.0 = Release|Any CPU
		{E9E7F737-5F4E-DFB3-796F-0C53CB7C702D}.Debug|Any CPU.ActiveCfg = Debug|Any CPU
		{E9E7F737-5F4E-DFB3-796F-0C53CB7C702D}.Debug|Any CPU.Build.0 = Debug|Any CPU
		{E9E7F737-5F4E-DFB3-796F-0C53CB7C702D}.Debug|x64.ActiveCfg = Debug|Any CPU
		{E9E7F737-5F4E-DFB3-796F-0C53CB7C702D}.Debug|x64.Build.0 = Debug|Any CPU
		{E9E7F737-5F4E-DFB3-796F-0C53CB7C702D}.Debug|x86.ActiveCfg = Debug|Any CPU
		{E9E7F737-5F4E-DFB3-796F-0C53CB7C702D}.Debug|x86.Build.0 = Debug|Any CPU
		{E9E7F737-5F4E-DFB3-796F-0C53CB7C702D}.Release|Any CPU.ActiveCfg = Release|Any CPU
		{E9E7F737-5F4E-DFB3-796F-0C53CB7C702D}.Release|Any CPU.Build.0 = Release|Any CPU
		{E9E7F737-5F4E-DFB3-796F-0C53CB7C702D}.Release|x64.ActiveCfg = Release|Any CPU
		{E9E7F737-5F4E-DFB3-796F-0C53CB7C702D}.Release|x64.Build.0 = Release|Any CPU
		{E9E7F737-5F4E-DFB3-796F-0C53CB7C702D}.Release|x86.ActiveCfg = Release|Any CPU
		{E9E7F737-5F4E-DFB3-796F-0C53CB7C702D}.Release|x86.Build.0 = Release|Any CPU
		{3BCAD324-4560-455F-90AA-E5170D7833DE}.Debug|Any CPU.ActiveCfg = Debug|Any CPU
		{3BCAD324-4560-455F-90AA-E5170D7833DE}.Debug|Any CPU.Build.0 = Debug|Any CPU
		{3BCAD324-4560-455F-90AA-E5170D7833DE}.Debug|x64.ActiveCfg = Debug|Any CPU
		{3BCAD324-4560-455F-90AA-E5170D7833DE}.Debug|x64.Build.0 = Debug|Any CPU
		{3BCAD324-4560-455F-90AA-E5170D7833DE}.Debug|x86.ActiveCfg = Debug|Any CPU
		{3BCAD324-4560-455F-90AA-E5170D7833DE}.Debug|x86.Build.0 = Debug|Any CPU
		{3BCAD324-4560-455F-90AA-E5170D7833DE}.Release|Any CPU.ActiveCfg = Release|Any CPU
		{3BCAD324-4560-455F-90AA-E5170D7833DE}.Release|Any CPU.Build.0 = Release|Any CPU
		{3BCAD324-4560-455F-90AA-E5170D7833DE}.Release|x64.ActiveCfg = Release|Any CPU
		{3BCAD324-4560-455F-90AA-E5170D7833DE}.Release|x64.Build.0 = Release|Any CPU
		{3BCAD324-4560-455F-90AA-E5170D7833DE}.Release|x86.ActiveCfg = Release|Any CPU
		{3BCAD324-4560-455F-90AA-E5170D7833DE}.Release|x86.Build.0 = Release|Any CPU
		{1CE30294-5117-4270-A248-09D767F0BC6C}.Debug|Any CPU.ActiveCfg = Debug|Any CPU
		{1CE30294-5117-4270-A248-09D767F0BC6C}.Debug|Any CPU.Build.0 = Debug|Any CPU
		{1CE30294-5117-4270-A248-09D767F0BC6C}.Debug|x64.ActiveCfg = Debug|Any CPU
		{1CE30294-5117-4270-A248-09D767F0BC6C}.Debug|x64.Build.0 = Debug|Any CPU
		{1CE30294-5117-4270-A248-09D767F0BC6C}.Debug|x86.ActiveCfg = Debug|Any CPU
		{1CE30294-5117-4270-A248-09D767F0BC6C}.Debug|x86.Build.0 = Debug|Any CPU
		{1CE30294-5117-4270-A248-09D767F0BC6C}.Release|Any CPU.ActiveCfg = Release|Any CPU
		{1CE30294-5117-4270-A248-09D767F0BC6C}.Release|Any CPU.Build.0 = Release|Any CPU
		{1CE30294-5117-4270-A248-09D767F0BC6C}.Release|x64.ActiveCfg = Release|Any CPU
		{1CE30294-5117-4270-A248-09D767F0BC6C}.Release|x64.Build.0 = Release|Any CPU
		{1CE30294-5117-4270-A248-09D767F0BC6C}.Release|x86.ActiveCfg = Release|Any CPU
		{1CE30294-5117-4270-A248-09D767F0BC6C}.Release|x86.Build.0 = Release|Any CPU
		{7C2CEBF3-626F-4C33-9755-A5E26C784BAF}.Debug|Any CPU.ActiveCfg = Debug|Any CPU
		{7C2CEBF3-626F-4C33-9755-A5E26C784BAF}.Debug|Any CPU.Build.0 = Debug|Any CPU
		{7C2CEBF3-626F-4C33-9755-A5E26C784BAF}.Debug|x64.ActiveCfg = Debug|Any CPU
		{7C2CEBF3-626F-4C33-9755-A5E26C784BAF}.Debug|x64.Build.0 = Debug|Any CPU
		{7C2CEBF3-626F-4C33-9755-A5E26C784BAF}.Debug|x86.ActiveCfg = Debug|Any CPU
		{7C2CEBF3-626F-4C33-9755-A5E26C784BAF}.Debug|x86.Build.0 = Debug|Any CPU
		{7C2CEBF3-626F-4C33-9755-A5E26C784BAF}.Release|Any CPU.ActiveCfg = Release|Any CPU
		{7C2CEBF3-626F-4C33-9755-A5E26C784BAF}.Release|Any CPU.Build.0 = Release|Any CPU
		{7C2CEBF3-626F-4C33-9755-A5E26C784BAF}.Release|x64.ActiveCfg = Release|Any CPU
		{7C2CEBF3-626F-4C33-9755-A5E26C784BAF}.Release|x64.Build.0 = Release|Any CPU
		{7C2CEBF3-626F-4C33-9755-A5E26C784BAF}.Release|x86.ActiveCfg = Release|Any CPU
		{7C2CEBF3-626F-4C33-9755-A5E26C784BAF}.Release|x86.Build.0 = Release|Any CPU
		{1884387D-1815-49BC-969D-8A711A07F21F}.Debug|Any CPU.ActiveCfg = Debug|Any CPU
		{1884387D-1815-49BC-969D-8A711A07F21F}.Debug|Any CPU.Build.0 = Debug|Any CPU
		{1884387D-1815-49BC-969D-8A711A07F21F}.Debug|x64.ActiveCfg = Debug|Any CPU
		{1884387D-1815-49BC-969D-8A711A07F21F}.Debug|x64.Build.0 = Debug|Any CPU
		{1884387D-1815-49BC-969D-8A711A07F21F}.Debug|x86.ActiveCfg = Debug|Any CPU
		{1884387D-1815-49BC-969D-8A711A07F21F}.Debug|x86.Build.0 = Debug|Any CPU
		{1884387D-1815-49BC-969D-8A711A07F21F}.Release|Any CPU.ActiveCfg = Release|Any CPU
		{1884387D-1815-49BC-969D-8A711A07F21F}.Release|Any CPU.Build.0 = Release|Any CPU
		{1884387D-1815-49BC-969D-8A711A07F21F}.Release|x64.ActiveCfg = Release|Any CPU
		{1884387D-1815-49BC-969D-8A711A07F21F}.Release|x64.Build.0 = Release|Any CPU
		{1884387D-1815-49BC-969D-8A711A07F21F}.Release|x86.ActiveCfg = Release|Any CPU
		{1884387D-1815-49BC-969D-8A711A07F21F}.Release|x86.Build.0 = Release|Any CPU
		{35FCAE23-BC39-4B5E-9505-07E762297D50}.Debug|Any CPU.ActiveCfg = Debug|Any CPU
		{35FCAE23-BC39-4B5E-9505-07E762297D50}.Debug|Any CPU.Build.0 = Debug|Any CPU
		{35FCAE23-BC39-4B5E-9505-07E762297D50}.Debug|x64.ActiveCfg = Debug|Any CPU
		{35FCAE23-BC39-4B5E-9505-07E762297D50}.Debug|x64.Build.0 = Debug|Any CPU
		{35FCAE23-BC39-4B5E-9505-07E762297D50}.Debug|x86.ActiveCfg = Debug|Any CPU
		{35FCAE23-BC39-4B5E-9505-07E762297D50}.Debug|x86.Build.0 = Debug|Any CPU
		{35FCAE23-BC39-4B5E-9505-07E762297D50}.Release|Any CPU.ActiveCfg = Release|Any CPU
		{35FCAE23-BC39-4B5E-9505-07E762297D50}.Release|Any CPU.Build.0 = Release|Any CPU
		{35FCAE23-BC39-4B5E-9505-07E762297D50}.Release|x64.ActiveCfg = Release|Any CPU
		{35FCAE23-BC39-4B5E-9505-07E762297D50}.Release|x64.Build.0 = Release|Any CPU
		{35FCAE23-BC39-4B5E-9505-07E762297D50}.Release|x86.ActiveCfg = Release|Any CPU
		{35FCAE23-BC39-4B5E-9505-07E762297D50}.Release|x86.Build.0 = Release|Any CPU
		{60EDCCDD-22E5-4964-B72A-EF5EB856BBA7}.Debug|Any CPU.ActiveCfg = Debug|Any CPU
		{60EDCCDD-22E5-4964-B72A-EF5EB856BBA7}.Debug|Any CPU.Build.0 = Debug|Any CPU
		{60EDCCDD-22E5-4964-B72A-EF5EB856BBA7}.Debug|x64.ActiveCfg = Debug|Any CPU
		{60EDCCDD-22E5-4964-B72A-EF5EB856BBA7}.Debug|x64.Build.0 = Debug|Any CPU
		{60EDCCDD-22E5-4964-B72A-EF5EB856BBA7}.Debug|x86.ActiveCfg = Debug|Any CPU
		{60EDCCDD-22E5-4964-B72A-EF5EB856BBA7}.Debug|x86.Build.0 = Debug|Any CPU
		{60EDCCDD-22E5-4964-B72A-EF5EB856BBA7}.Release|Any CPU.ActiveCfg = Release|Any CPU
		{60EDCCDD-22E5-4964-B72A-EF5EB856BBA7}.Release|Any CPU.Build.0 = Release|Any CPU
		{60EDCCDD-22E5-4964-B72A-EF5EB856BBA7}.Release|x64.ActiveCfg = Release|Any CPU
		{60EDCCDD-22E5-4964-B72A-EF5EB856BBA7}.Release|x64.Build.0 = Release|Any CPU
		{60EDCCDD-22E5-4964-B72A-EF5EB856BBA7}.Release|x86.ActiveCfg = Release|Any CPU
		{60EDCCDD-22E5-4964-B72A-EF5EB856BBA7}.Release|x86.Build.0 = Release|Any CPU
		{45347907-0FA4-4132-AFB8-73F73461531F}.Debug|Any CPU.ActiveCfg = Debug|Any CPU
		{45347907-0FA4-4132-AFB8-73F73461531F}.Debug|Any CPU.Build.0 = Debug|Any CPU
		{45347907-0FA4-4132-AFB8-73F73461531F}.Debug|x64.ActiveCfg = Debug|Any CPU
		{45347907-0FA4-4132-AFB8-73F73461531F}.Debug|x64.Build.0 = Debug|Any CPU
		{45347907-0FA4-4132-AFB8-73F73461531F}.Debug|x86.ActiveCfg = Debug|Any CPU
		{45347907-0FA4-4132-AFB8-73F73461531F}.Debug|x86.Build.0 = Debug|Any CPU
		{45347907-0FA4-4132-AFB8-73F73461531F}.Release|Any CPU.ActiveCfg = Release|Any CPU
		{45347907-0FA4-4132-AFB8-73F73461531F}.Release|Any CPU.Build.0 = Release|Any CPU
		{45347907-0FA4-4132-AFB8-73F73461531F}.Release|x64.ActiveCfg = Release|Any CPU
		{45347907-0FA4-4132-AFB8-73F73461531F}.Release|x64.Build.0 = Release|Any CPU
		{45347907-0FA4-4132-AFB8-73F73461531F}.Release|x86.ActiveCfg = Release|Any CPU
		{45347907-0FA4-4132-AFB8-73F73461531F}.Release|x86.Build.0 = Release|Any CPU
		{6F5C32F0-0459-40B4-8F68-0B11E225595F}.Debug|Any CPU.ActiveCfg = Debug|Any CPU
		{6F5C32F0-0459-40B4-8F68-0B11E225595F}.Debug|Any CPU.Build.0 = Debug|Any CPU
		{6F5C32F0-0459-40B4-8F68-0B11E225595F}.Debug|x64.ActiveCfg = Debug|Any CPU
		{6F5C32F0-0459-40B4-8F68-0B11E225595F}.Debug|x64.Build.0 = Debug|Any CPU
		{6F5C32F0-0459-40B4-8F68-0B11E225595F}.Debug|x86.ActiveCfg = Debug|Any CPU
		{6F5C32F0-0459-40B4-8F68-0B11E225595F}.Debug|x86.Build.0 = Debug|Any CPU
		{6F5C32F0-0459-40B4-8F68-0B11E225595F}.Release|Any CPU.ActiveCfg = Release|Any CPU
		{6F5C32F0-0459-40B4-8F68-0B11E225595F}.Release|Any CPU.Build.0 = Release|Any CPU
		{6F5C32F0-0459-40B4-8F68-0B11E225595F}.Release|x64.ActiveCfg = Release|Any CPU
		{6F5C32F0-0459-40B4-8F68-0B11E225595F}.Release|x64.Build.0 = Release|Any CPU
		{6F5C32F0-0459-40B4-8F68-0B11E225595F}.Release|x86.ActiveCfg = Release|Any CPU
		{6F5C32F0-0459-40B4-8F68-0B11E225595F}.Release|x86.Build.0 = Release|Any CPU
		{24345CB2-AD32-453A-B05E-F48B203F1117}.Debug|Any CPU.ActiveCfg = Debug|Any CPU
		{24345CB2-AD32-453A-B05E-F48B203F1117}.Debug|Any CPU.Build.0 = Debug|Any CPU
		{24345CB2-AD32-453A-B05E-F48B203F1117}.Debug|x64.ActiveCfg = Debug|Any CPU
		{24345CB2-AD32-453A-B05E-F48B203F1117}.Debug|x64.Build.0 = Debug|Any CPU
		{24345CB2-AD32-453A-B05E-F48B203F1117}.Debug|x86.ActiveCfg = Debug|Any CPU
		{24345CB2-AD32-453A-B05E-F48B203F1117}.Debug|x86.Build.0 = Debug|Any CPU
		{24345CB2-AD32-453A-B05E-F48B203F1117}.Release|Any CPU.ActiveCfg = Release|Any CPU
		{24345CB2-AD32-453A-B05E-F48B203F1117}.Release|Any CPU.Build.0 = Release|Any CPU
		{24345CB2-AD32-453A-B05E-F48B203F1117}.Release|x64.ActiveCfg = Release|Any CPU
		{24345CB2-AD32-453A-B05E-F48B203F1117}.Release|x64.Build.0 = Release|Any CPU
		{24345CB2-AD32-453A-B05E-F48B203F1117}.Release|x86.ActiveCfg = Release|Any CPU
		{24345CB2-AD32-453A-B05E-F48B203F1117}.Release|x86.Build.0 = Release|Any CPU
	EndGlobalSection
	GlobalSection(SolutionProperties) = preSolution
		HideSolutionNode = FALSE
	EndGlobalSection
	GlobalSection(NestedProjects) = preSolution
		{5529EE8B-3829-C27A-4D41-B4AF5ED70233} = {827E0CD3-B72D-47B6-A68D-7590B98EB39B}
		{E9E7F737-5F4E-DFB3-796F-0C53CB7C702D} = {827E0CD3-B72D-47B6-A68D-7590B98EB39B}
		{3BCAD324-4560-455F-90AA-E5170D7833DE} = {9E3B97B1-2530-4607-8E4C-655B1D01B510}
		{1CE30294-5117-4270-A248-09D767F0BC6C} = {9E3B97B1-2530-4607-8E4C-655B1D01B510}
		{7C2CEBF3-626F-4C33-9755-A5E26C784BAF} = {827E0CD3-B72D-47B6-A68D-7590B98EB39B}
		{1884387D-1815-49BC-969D-8A711A07F21F} = {827E0CD3-B72D-47B6-A68D-7590B98EB39B}
		{35FCAE23-BC39-4B5E-9505-07E762297D50} = {827E0CD3-B72D-47B6-A68D-7590B98EB39B}
		{60EDCCDD-22E5-4964-B72A-EF5EB856BBA7} = {827E0CD3-B72D-47B6-A68D-7590B98EB39B}
		{45347907-0FA4-4132-AFB8-73F73461531F} = {827E0CD3-B72D-47B6-A68D-7590B98EB39B}
		{6F5C32F0-0459-40B4-8F68-0B11E225595F} = {827E0CD3-B72D-47B6-A68D-7590B98EB39B}
		{24345CB2-AD32-453A-B05E-F48B203F1117} = {827E0CD3-B72D-47B6-A68D-7590B98EB39B}
	EndGlobalSection
	GlobalSection(ExtensibilityGlobals) = postSolution
		SolutionGuid = {AAC3DC6B-8747-4A72-A8DC-25D5E7D7400B}
	EndGlobalSection
EndGlobal
